// !$*UTF8*$!
{
	archiveVersion = 1;
	classes = {
	};
	objectVersion = 46;
	objects = {

/* Begin PBXBuildFile section */
		8E6064481B16ADC7003F4839 /* main.m in Sources */ = {isa = PBXBuildFile; fileRef = 8E6064471B16ADC7003F4839 /* main.m */; };
		8E60644B1B16ADC7003F4839 /* AppDelegate.m in Sources */ = {isa = PBXBuildFile; fileRef = 8E60644A1B16ADC7003F4839 /* AppDelegate.m */; };
		8E60644E1B16ADC7003F4839 /* ViewController.m in Sources */ = {isa = PBXBuildFile; fileRef = 8E60644D1B16ADC7003F4839 /* ViewController.m */; };
		8E6064511B16ADC7003F4839 /* Main.storyboard in Resources */ = {isa = PBXBuildFile; fileRef = 8E60644F1B16ADC7003F4839 /* Main.storyboard */; };
		8E6064531B16ADC7003F4839 /* Images.xcassets in Resources */ = {isa = PBXBuildFile; fileRef = 8E6064521B16ADC7003F4839 /* Images.xcassets */; };
		8E6064621B16ADC7003F4839 /* __Tests.m in Sources */ = {isa = PBXBuildFile; fileRef = 8E6064611B16ADC7003F4839 /* __Tests.m */; };
		8E60646C1B16AE32003F4839 /* questions.plist in Resources */ = {isa = PBXBuildFile; fileRef = 8E60646B1B16AE32003F4839 /* questions.plist */; };
		8E60646F1B16BF49003F4839 /* Question.m in Sources */ = {isa = PBXBuildFile; fileRef = 8E60646E1B16BF49003F4839 /* Question.m */; };
		8E6064711B173332003F4839 /* Launch Screen.xib in Resources */ = {isa = PBXBuildFile; fileRef = 8E6064701B173332003F4839 /* Launch Screen.xib */; };
/* End PBXBuildFile section */

/* Begin PBXContainerItemProxy section */
		8E60645C1B16ADC7003F4839 /* PBXContainerItemProxy */ = {
			isa = PBXContainerItemProxy;
			containerPortal = 8E60643A1B16ADC7003F4839 /* Project object */;
			proxyType = 1;
			remoteGlobalIDString = 8E6064411B16ADC7003F4839;
			remoteInfo = "猜图";
		};
/* End PBXContainerItemProxy section */

/* Begin PBXFileReference section */
		8E6064421B16ADC7003F4839 /* 猜图.app */ = {isa = PBXFileReference; explicitFileType = wrapper.application; includeInIndex = 0; path = "猜图.app"; sourceTree = BUILT_PRODUCTS_DIR; };
		8E6064461B16ADC7003F4839 /* Info.plist */ = {isa = PBXFileReference; lastKnownFileType = text.plist.xml; path = Info.plist; sourceTree = "<group>"; };
		8E6064471B16ADC7003F4839 /* main.m */ = {isa = PBXFileReference; lastKnownFileType = sourcecode.c.objc; path = main.m; sourceTree = "<group>"; };
		8E6064491B16ADC7003F4839 /* AppDelegate.h */ = {isa = PBXFileReference; lastKnownFileType = sourcecode.c.h; path = AppDelegate.h; sourceTree = "<group>"; };
		8E60644A1B16ADC7003F4839 /* AppDelegate.m */ = {isa = PBXFileReference; lastKnownFileType = sourcecode.c.objc; path = AppDelegate.m; sourceTree = "<group>"; };
		8E60644C1B16ADC7003F4839 /* ViewController.h */ = {isa = PBXFileReference; lastKnownFileType = sourcecode.c.h; path = ViewController.h; sourceTree = "<group>"; };
		8E60644D1B16ADC7003F4839 /* ViewController.m */ = {isa = PBXFileReference; lastKnownFileType = sourcecode.c.objc; path = ViewController.m; sourceTree = "<group>"; };
		8E6064501B16ADC7003F4839 /* Base */ = {isa = PBXFileReference; lastKnownFileType = file.storyboard; name = Base; path = Base.lproj/Main.storyboard; sourceTree = "<group>"; };
		8E6064521B16ADC7003F4839 /* Images.xcassets */ = {isa = PBXFileReference; lastKnownFileType = folder.assetcatalog; path = Images.xcassets; sourceTree = "<group>"; };
		8E60645B1B16ADC7003F4839 /* 猜图Tests.xctest */ = {isa = PBXFileReference; explicitFileType = wrapper.cfbundle; includeInIndex = 0; path = "猜图Tests.xctest"; sourceTree = BUILT_PRODUCTS_DIR; };
		8E6064601B16ADC7003F4839 /* Info.plist */ = {isa = PBXFileReference; lastKnownFileType = text.plist.xml; path = Info.plist; sourceTree = "<group>"; };
		8E6064611B16ADC7003F4839 /* __Tests.m */ = {isa = PBXFileReference; lastKnownFileType = sourcecode.c.objc; path = __Tests.m; sourceTree = "<group>"; };
		8E60646B1B16AE32003F4839 /* questions.plist */ = {isa = PBXFileReference; fileEncoding = 4; lastKnownFileType = text.plist.xml; path = questions.plist; sourceTree = "<group>"; };
		8E60646D1B16BF49003F4839 /* Question.h */ = {isa = PBXFileReference; fileEncoding = 4; lastKnownFileType = sourcecode.c.h; path = Question.h; sourceTree = "<group>"; };
		8E60646E1B16BF49003F4839 /* Question.m */ = {isa = PBXFileReference; fileEncoding = 4; lastKnownFileType = sourcecode.c.objc; path = Question.m; sourceTree = "<group>"; };
		8E6064701B173332003F4839 /* Launch Screen.xib */ = {isa = PBXFileReference; fileEncoding = 4; lastKnownFileType = file.xib; name = "Launch Screen.xib"; path = "../Launch Screen.xib"; sourceTree = "<group>"; };
/* End PBXFileReference section */

/* Begin PBXFrameworksBuildPhase section */
		8E60643F1B16ADC7003F4839 /* Frameworks */ = {
			isa = PBXFrameworksBuildPhase;
			buildActionMask = 2147483647;
			files = (
			);
			runOnlyForDeploymentPostprocessing = 0;
		};
		8E6064581B16ADC7003F4839 /* Frameworks */ = {
			isa = PBXFrameworksBuildPhase;
			buildActionMask = 2147483647;
			files = (
			);
			runOnlyForDeploymentPostprocessing = 0;
		};
/* End PBXFrameworksBuildPhase section */

/* Begin PBXGroup section */
		8E6064391B16ADC7003F4839 = {
			isa = PBXGroup;
			children = (
				8E6064441B16ADC7003F4839 /* 猜图 */,
				8E60645E1B16ADC7003F4839 /* 猜图Tests */,
				8E6064431B16ADC7003F4839 /* Products */,
			);
			sourceTree = "<group>";
		};
		8E6064431B16ADC7003F4839 /* Products */ = {
			isa = PBXGroup;
			children = (
				8E6064421B16ADC7003F4839 /* 猜图.app */,
				8E60645B1B16ADC7003F4839 /* 猜图Tests.xctest */,
			);
			name = Products;
			sourceTree = "<group>";
		};
		8E6064441B16ADC7003F4839 /* 猜图 */ = {
			isa = PBXGroup;
			children = (
				8E60646D1B16BF49003F4839 /* Question.h */,
				8E60646E1B16BF49003F4839 /* Question.m */,
				8E6064491B16ADC7003F4839 /* AppDelegate.h */,
				8E60644A1B16ADC7003F4839 /* AppDelegate.m */,
				8E60644C1B16ADC7003F4839 /* ViewController.h */,
				8E60644D1B16ADC7003F4839 /* ViewController.m */,
				8E60644F1B16ADC7003F4839 /* Main.storyboard */,
				8E6064521B16ADC7003F4839 /* Images.xcassets */,
				8E6064701B173332003F4839 /* Launch Screen.xib */,
				8E6064451B16ADC7003F4839 /* Supporting Files */,
			);
			path = "猜图";
			sourceTree = "<group>";
		};
		8E6064451B16ADC7003F4839 /* Supporting Files */ = {
			isa = PBXGroup;
			children = (
				8E60646B1B16AE32003F4839 /* questions.plist */,
				8E6064461B16ADC7003F4839 /* Info.plist */,
				8E6064471B16ADC7003F4839 /* main.m */,
			);
			name = "Supporting Files";
			sourceTree = "<group>";
		};
		8E60645E1B16ADC7003F4839 /* 猜图Tests */ = {
			isa = PBXGroup;
			children = (
				8E6064611B16ADC7003F4839 /* __Tests.m */,
				8E60645F1B16ADC7003F4839 /* Supporting Files */,
			);
			path = "猜图Tests";
			sourceTree = "<group>";
		};
		8E60645F1B16ADC7003F4839 /* Supporting Files */ = {
			isa = PBXGroup;
			children = (
				8E6064601B16ADC7003F4839 /* Info.plist */,
			);
			name = "Supporting Files";
			sourceTree = "<group>";
		};
/* End PBXGroup section */

/* Begin PBXNativeTarget section */
		8E6064411B16ADC7003F4839 /* 猜图 */ = {
			isa = PBXNativeTarget;
			buildConfigurationList = 8E6064651B16ADC7003F4839 /* Build configuration list for PBXNativeTarget "猜图" */;
			buildPhases = (
				8E60643E1B16ADC7003F4839 /* Sources */,
				8E60643F1B16ADC7003F4839 /* Frameworks */,
				8E6064401B16ADC7003F4839 /* Resources */,
			);
			buildRules = (
			);
			dependencies = (
			);
			name = "猜图";
			productName = "猜图";
			productReference = 8E6064421B16ADC7003F4839 /* 猜图.app */;
			productType = "com.apple.product-type.application";
		};
		8E60645A1B16ADC7003F4839 /* 猜图Tests */ = {
			isa = PBXNativeTarget;
			buildConfigurationList = 8E6064681B16ADC7003F4839 /* Build configuration list for PBXNativeTarget "猜图Tests" */;
			buildPhases = (
				8E6064571B16ADC7003F4839 /* Sources */,
				8E6064581B16ADC7003F4839 /* Frameworks */,
				8E6064591B16ADC7003F4839 /* Resources */,
			);
			buildRules = (
			);
			dependencies = (
				8E60645D1B16ADC7003F4839 /* PBXTargetDependency */,
			);
			name = "猜图Tests";
			productName = "猜图Tests";
			productReference = 8E60645B1B16ADC7003F4839 /* 猜图Tests.xctest */;
			productType = "com.apple.product-type.bundle.unit-test";
		};
/* End PBXNativeTarget section */

/* Begin PBXProject section */
		8E60643A1B16ADC7003F4839 /* Project object */ = {
			isa = PBXProject;
			attributes = {
				LastUpgradeCheck = 0630;
				ORGANIZATIONNAME = "方舟";
				TargetAttributes = {
					8E6064411B16ADC7003F4839 = {
						CreatedOnToolsVersion = 6.3.1;
					};
					8E60645A1B16ADC7003F4839 = {
						CreatedOnToolsVersion = 6.3.1;
						TestTargetID = 8E6064411B16ADC7003F4839;
					};
				};
			};
			buildConfigurationList = 8E60643D1B16ADC7003F4839 /* Build configuration list for PBXProject "猜图" */;
			compatibilityVersion = "Xcode 3.2";
			developmentRegion = English;
			hasScannedForEncodings = 0;
			knownRegions = (
				en,
				Base,
			);
			mainGroup = 8E6064391B16ADC7003F4839;
			productRefGroup = 8E6064431B16ADC7003F4839 /* Products */;
			projectDirPath = "";
			projectRoot = "";
			targets = (
				8E6064411B16ADC7003F4839 /* 猜图 */,
				8E60645A1B16ADC7003F4839 /* 猜图Tests */,
			);
		};
/* End PBXProject section */

/* Begin PBXResourcesBuildPhase section */
		8E6064401B16ADC7003F4839 /* Resources */ = {
			isa = PBXResourcesBuildPhase;
			buildActionMask = 2147483647;
			files = (
				8E60646C1B16AE32003F4839 /* questions.plist in Resources */,
				8E6064711B173332003F4839 /* Launch Screen.xib in Resources */,
				8E6064511B16ADC7003F4839 /* Main.storyboard in Resources */,
				8E6064531B16ADC7003F4839 /* Images.xcassets in Resources */,
			);
			runOnlyForDeploymentPostprocessing = 0;
		};
		8E6064591B16ADC7003F4839 /* Resources */ = {
			isa = PBXResourcesBuildPhase;
			buildActionMask = 2147483647;
			files = (
			);
			runOnlyForDeploymentPostprocessing = 0;
		};
/* End PBXResourcesBuildPhase section */

/* Begin PBXSourcesBuildPhase section */
		8E60643E1B16ADC7003F4839 /* Sources */ = {
			isa = PBXSourcesBuildPhase;
			buildActionMask = 2147483647;
			files = (
				8E60644E1B16ADC7003F4839 /* ViewController.m in Sources */,
				8E60646F1B16BF49003F4839 /* Question.m in Sources */,
				8E60644B1B16ADC7003F4839 /* AppDelegate.m in Sources */,
				8E6064481B16ADC7003F4839 /* main.m in Sources */,
			);
			runOnlyForDeploymentPostprocessing = 0;
		};
		8E6064571B16ADC7003F4839 /* Sources */ = {
			isa = PBXSourcesBuildPhase;
			buildActionMask = 2147483647;
			files = (
				8E6064621B16ADC7003F4839 /* __Tests.m in Sources */,
			);
			runOnlyForDeploymentPostprocessing = 0;
		};
/* End PBXSourcesBuildPhase section */

/* Begin PBXTargetDependency section */
		8E60645D1B16ADC7003F4839 /* PBXTargetDependency */ = {
			isa = PBXTargetDependency;
			target = 8E6064411B16ADC7003F4839 /* 猜图 */;
			targetProxy = 8E60645C1B16ADC7003F4839 /* PBXContainerItemProxy */;
		};
/* End PBXTargetDependency section */

/* Begin PBXVariantGroup section */
		8E60644F1B16ADC7003F4839 /* Main.storyboard */ = {
			isa = PBXVariantGroup;
			children = (
				8E6064501B16ADC7003F4839 /* Base */,
			);
			name = Main.storyboard;
			sourceTree = "<group>";
		};
/* End PBXVariantGroup section */

/* Begin XCBuildConfiguration section */
		8E6064631B16ADC7003F4839 /* Debug */ = {
			isa = XCBuildConfiguration;
			buildSettings = {
				ALWAYS_SEARCH_USER_PATHS = NO;
				CLANG_CXX_LANGUAGE_STANDARD = "gnu++0x";
				CLANG_CXX_LIBRARY = "libc++";
				CLANG_ENABLE_MODULES = YES;
				CLANG_ENABLE_OBJC_ARC = YES;
				CLANG_WARN_BOOL_CONVERSION = YES;
				CLANG_WARN_CONSTANT_CONVERSION = YES;
				CLANG_WARN_DIRECT_OBJC_ISA_USAGE = YES_ERROR;
				CLANG_WARN_EMPTY_BODY = YES;
				CLANG_WARN_ENUM_CONVERSION = YES;
				CLANG_WARN_INT_CONVERSION = YES;
				CLANG_WARN_OBJC_ROOT_CLASS = YES_ERROR;
				CLANG_WARN_UNREACHABLE_CODE = YES;
				CLANG_WARN__DUPLICATE_METHOD_MATCH = YES;
				"CODE_SIGN_IDENTITY[sdk=iphoneos*]" = "iPhone Developer";
				COPY_PHASE_STRIP = NO;
				DEBUG_INFORMATION_FORMAT = "dwarf-with-dsym";
				ENABLE_STRICT_OBJC_MSGSEND = YES;
				GCC_C_LANGUAGE_STANDARD = gnu99;
				GCC_DYNAMIC_NO_PIC = NO;
				GCC_NO_COMMON_BLOCKS = YES;
				GCC_OPTIMIZATION_LEVEL = 0;
				GCC_PREPROCESSOR_DEFINITIONS = (
					"DEBUG=1",
					"$(inherited)",
				);
				GCC_SYMBOLS_PRIVATE_EXTERN = NO;
				GCC_WARN_64_TO_32_BIT_CONVERSION = YES;
				GCC_WARN_ABOUT_RETURN_TYPE = YES_ERROR;
				GCC_WARN_UNDECLARED_SELECTOR = YES;
				GCC_WARN_UNINITIALIZED_AUTOS = YES_AGGRESSIVE;
				GCC_WARN_UNUSED_FUNCTION = YES;
				GCC_WARN_UNUSED_VARIABLE = YES;
				IPHONEOS_DEPLOYMENT_TARGET = 8.3;
				MTL_ENABLE_DEBUG_INFO = YES;
				ONLY_ACTIVE_ARCH = YES;
				SDKROOT = iphoneos;
			};
			name = Debug;
		};
		8E6064641B16ADC7003F4839 /* Release */ = {
			isa = XCBuildConfiguration;
			buildSettings = {
				ALWAYS_SEARCH_USER_PATHS = NO;
				CLANG_CXX_LANGUAGE_STANDARD = "gnu++0x";
				CLANG_CXX_LIBRARY = "libc++";
				CLANG_ENABLE_MODULES = YES;
				CLANG_ENABLE_OBJC_ARC = YES;
				CLANG_WARN_BOOL_CONVERSION = YES;
				CLANG_WARN_CONSTANT_CONVERSION = YES;
				CLANG_WARN_DIRECT_OBJC_ISA_USAGE = YES_ERROR;
				CLANG_WARN_EMPTY_BODY = YES;
				CLANG_WARN_ENUM_CONVERSION = YES;
				CLANG_WARN_INT_CONVERSION = YES;
				CLANG_WARN_OBJC_ROOT_CLASS = YES_ERROR;
				CLANG_WARN_UNREACHABLE_CODE = YES;
				CLANG_WARN__DUPLICATE_METHOD_MATCH = YES;
				"CODE_SIGN_IDENTITY[sdk=iphoneos*]" = "iPhone Developer";
				COPY_PHASE_STRIP = NO;
				DEBUG_INFORMATION_FORMAT = "dwarf-with-dsym";
				ENABLE_NS_ASSERTIONS = NO;
				ENABLE_STRICT_OBJC_MSGSEND = YES;
				GCC_C_LANGUAGE_STANDARD = gnu99;
				GCC_NO_COMMON_BLOCKS = YES;
				GCC_WARN_64_TO_32_BIT_CONVERSION = YES;
				GCC_WARN_ABOUT_RETURN_TYPE = YES_ERROR;
				GCC_WARN_UNDECLARED_SELECTOR = YES;
				GCC_WARN_UNINITIALIZED_AUTOS = YES_AGGRESSIVE;
				GCC_WARN_UNUSED_FUNCTION = YES;
				GCC_WARN_UNUSED_VARIABLE = YES;
				IPHONEOS_DEPLOYMENT_TARGET = 8.3;
				MTL_ENABLE_DEBUG_INFO = NO;
				SDKROOT = iphoneos;
				VALIDATE_PRODUCT = YES;
			};
			name = Release;
		};
		8E6064661B16ADC7003F4839 /* Debug */ = {
			isa = XCBuildConfiguration;
			buildSettings = {
				ASSETCATALOG_COMPILER_APPICON_NAME = AppIcon;
				INFOPLIST_FILE = "猜图/Info.plist";
				LD_RUNPATH_SEARCH_PATHS = "$(inherited) @executable_path/Frameworks";
				PRODUCT_NAME = "$(TARGET_NAME)";
			};
			name = Debug;
		};
		8E6064671B16ADC7003F4839 /* Release */ = {
			isa = XCBuildConfiguration;
			buildSettings = {
				ASSETCATALOG_COMPILER_APPICON_NAME = AppIcon;
				INFOPLIST_FILE = "猜图/Info.plist";
				LD_RUNPATH_SEARCH_PATHS = "$(inherited) @executable_path/Frameworks";
				PRODUCT_NAME = "$(TARGET_NAME)";
			};
			name = Release;
		};
		8E6064691B16ADC7003F4839 /* Debug */ = {
			isa = XCBuildConfiguration;
			buildSettings = {
				BUNDLE_LOADER = "$(TEST_HOST)";
				FRAMEWORK_SEARCH_PATHS = (
					"$(SDKROOT)/Developer/Library/Frameworks",
					"$(inherited)",
				);
				GCC_PREPROCESSOR_DEFINITIONS = (
					"DEBUG=1",
					"$(inherited)",
				);
				INFOPLIST_FILE = "猜图Tests/Info.plist";
				LD_RUNPATH_SEARCH_PATHS = "$(inherited) @executable_path/Frameworks @loader_path/Frameworks";
				PRODUCT_NAME = "$(TARGET_NAME)";
				TEST_HOST = "$(BUILT_PRODUCTS_DIR)/猜图.app/猜图";
			};
			name = Debug;
		};
		8E60646A1B16ADC7003F4839 /* Release */ = {
			isa = XCBuildConfiguration;
			buildSettings = {
				BUNDLE_LOADER = "$(TEST_HOST)";
				FRAMEWORK_SEARCH_PATHS = (
					"$(SDKROOT)/Developer/Library/Frameworks",
					"$(inherited)",
				);
				INFOPLIST_FILE = "猜图Tests/Info.plist";
				LD_RUNPATH_SEARCH_PATHS = "$(inherited) @executable_path/Frameworks @loader_path/Frameworks";
				PRODUCT_NAME = "$(TARGET_NAME)";
				TEST_HOST = "$(BUILT_PRODUCTS_DIR)/猜图.app/猜图";
			};
			name = Release;
		};
/* End XCBuildConfiguration section */

/* Begin XCConfigurationList section */
		8E60643D1B16ADC7003F4839 /* Build configuration list for PBXProject "猜图" */ = {
			isa = XCConfigurationList;
			buildConfigurations = (
				8E6064631B16ADC7003F4839 /* Debug */,
				8E6064641B16ADC7003F4839 /* Release */,
			);
			defaultConfigurationIsVisible = 0;
			defaultConfigurationName = Release;
		};
		8E6064651B16ADC7003F4839 /* Build configuration list for PBXNativeTarget "猜图" */ = {
			isa = XCConfigurationList;
			buildConfigurations = (
				8E6064661B16ADC7003F4839 /* Debug */,
				8E6064671B16ADC7003F4839 /* Release */,
			);
			defaultConfigurationIsVisible = 0;
		};
		8E6064681B16ADC7003F4839 /* Build configuration list for PBXNativeTarget "猜图Tests" */ = {
			isa = XCConfigurationList;
			buildConfigurations = (
				8E6064691B16ADC7003F4839 /* Debug */,
				8E60646A1B16ADC7003F4839 /* Release */,
			);
			defaultConfigurationIsVisible = 0;
		};
/* End XCConfigurationList section */
	};
	rootObject = 8E60643A1B16ADC7003F4839 /* Project object */;
}
